
Microsoft Visual Studio Solution File, Format Version 12.00
# Visual Studio Version 16
VisualStudioVersion = 16.0.31424.327
MinimumVisualStudioVersion = 10.0.40219.1
Project("{FAE04EC0-301F-11D3-BF4B-00C04F79EFBC}") = "CS 361 Sliding Puzzle", "CS 361 Sliding Puzzle\CS 361 Sliding Puzzle.csproj", "{FD2C3D76-B342-4EED-9B5C-08C938B0D8F9}"
EndProject
Global
	GlobalSection(SolutionConfigurationPlatforms) = preSolution
		Debug|Any CPU = Debug|Any CPU
		Release|Any CPU = Release|Any CPU
	EndGlobalSection
	GlobalSection(ProjectConfigurationPlatforms) = postSolution
		{FD2C3D76-B342-4EED-9B5C-08C938B0D8F9}.Debug|Any CPU.ActiveCfg = Debug|Any CPU
		{FD2C3D76-B342-4EED-9B5C-08C938B0D8F9}.Debug|Any CPU.Build.0 = Debug|Any CPU
		{FD2C3D76-B342-4EED-9B5C-08C938B0D8F9}.Release|Any CPU.ActiveCfg = Release|Any CPU
		{FD2C3D76-B342-4EED-9B5C-08C938B0D8F9}.Release|Any CPU.Build.0 = Release|Any CPU
	EndGlobalSection
	GlobalSection(SolutionProperties) = preSolution
		HideSolutionNode = FALSE
	EndGlobalSection
	GlobalSection(ExtensibilityGlobals) = postSolution
		SolutionGuid = {23780691-E89D-4CBC-863B-29DB98A26A8D}
	EndGlobalSection
EndGlobal
